
Microsoft Visual Studio Solution File, Format Version 12.00
# Visual Studio Version 16
VisualStudioVersion = 16.0.29613.14
MinimumVisualStudioVersion = 10.0.40219.1
Project("{FAE04EC0-301F-11D3-BF4B-00C04F79EFBC}") = "Temporal", "Temporal\Temporal.csproj", "{6D2213C9-4337-41AA-9DFA-96944450F3CB}"
EndProject
Global
	GlobalSection(SolutionConfigurationPlatforms) = preSolution
		Debug|Any CPU = Debug|Any CPU
		Release|Any CPU = Release|Any CPU
	EndGlobalSection
	GlobalSection(ProjectConfigurationPlatforms) = postSolution
		{6D2213C9-4337-41AA-9DFA-96944450F3CB}.Debug|Any CPU.ActiveCfg = Debug|Any CPU
		{6D2213C9-4337-41AA-9DFA-96944450F3CB}.Debug|Any CPU.Build.0 = Debug|Any CPU
		{6D2213C9-4337-41AA-9DFA-96944450F3CB}.Release|Any CPU.ActiveCfg = Release|Any CPU
		{6D2213C9-4337-41AA-9DFA-96944450F3CB}.Release|Any CPU.Build.0 = Release|Any CPU
	EndGlobalSection
	GlobalSection(SolutionProperties) = preSolution
		HideSolutionNode = FALSE
	EndGlobalSection
	GlobalSection(ExtensibilityGlobals) = postSolution
		SolutionGuid = {2C5997A7-4BEC-4F9B-A9B6-06B4C451FEEF}
	EndGlobalSection
EndGlobal
